
Microsoft Visual Studio Solution File, Format Version 12.00
# Visual Studio Version 17
VisualStudioVersion = 17.3.32929.385
MinimumVisualStudioVersion = 10.0.40219.1
Project("{9A19103F-16F7-4668-BE54-9A1E7A4F7556}") = "BudgetManBackEnd.API", "BudgetManBackEnd.API\BudgetManBackEnd.API.csproj", "{1F748D5A-B209-49AD-8EF6-D5C334FA66AB}"
EndProject
Project("{9A19103F-16F7-4668-BE54-9A1E7A4F7556}") = "BudgetManBackEnd.DAL", "BudgetManBackEnd.DAL\BudgetManBackEnd.DAL.csproj", "{AABA6528-6329-4D49-B83A-8029ACB1C5E0}"
EndProject
Project("{9A19103F-16F7-4668-BE54-9A1E7A4F7556}") = "MayNghien.Common", "BudgetManBackEnd.Common\MayNghien.Common.csproj", "{3D2C2CF6-F9DC-46D9-8F9B-9E044CC91361}"
EndProject
Project("{9A19103F-16F7-4668-BE54-9A1E7A4F7556}") = "BudgetManBackEnd.Service", "BudgetManBackEnd.Service\BudgetManBackEnd.Service.csproj", "{1FB7312D-4552-4BDE-93BA-D60E453B61AE}"
EndProject
Global
	GlobalSection(SolutionConfigurationPlatforms) = preSolution
		Debug|Any CPU = Debug|Any CPU
		Release|Any CPU = Release|Any CPU
	EndGlobalSection
	GlobalSection(ProjectConfigurationPlatforms) = postSolution
		{1F748D5A-B209-49AD-8EF6-D5C334FA66AB}.Debug|Any CPU.ActiveCfg = Debug|Any CPU
		{1F748D5A-B209-49AD-8EF6-D5C334FA66AB}.Debug|Any CPU.Build.0 = Debug|Any CPU
		{1F748D5A-B209-49AD-8EF6-D5C334FA66AB}.Release|Any CPU.ActiveCfg = Release|Any CPU
		{1F748D5A-B209-49AD-8EF6-D5C334FA66AB}.Release|Any CPU.Build.0 = Release|Any CPU
		{AABA6528-6329-4D49-B83A-8029ACB1C5E0}.Debug|Any CPU.ActiveCfg = Debug|Any CPU
		{AABA6528-6329-4D49-B83A-8029ACB1C5E0}.Debug|Any CPU.Build.0 = Debug|Any CPU
		{AABA6528-6329-4D49-B83A-8029ACB1C5E0}.Release|Any CPU.ActiveCfg = Release|Any CPU
		{AABA6528-6329-4D49-B83A-8029ACB1C5E0}.Release|Any CPU.Build.0 = Release|Any CPU
		{3D2C2CF6-F9DC-46D9-8F9B-9E044CC91361}.Debug|Any CPU.ActiveCfg = Debug|Any CPU
		{3D2C2CF6-F9DC-46D9-8F9B-9E044CC91361}.Debug|Any CPU.Build.0 = Debug|Any CPU
		{3D2C2CF6-F9DC-46D9-8F9B-9E044CC91361}.Release|Any CPU.ActiveCfg = Release|Any CPU
		{3D2C2CF6-F9DC-46D9-8F9B-9E044CC91361}.Release|Any CPU.Build.0 = Release|Any CPU
		{1FB7312D-4552-4BDE-93BA-D60E453B61AE}.Debug|Any CPU.ActiveCfg = Debug|Any CPU
		{1FB7312D-4552-4BDE-93BA-D60E453B61AE}.Debug|Any CPU.Build.0 = Debug|Any CPU
		{1FB7312D-4552-4BDE-93BA-D60E453B61AE}.Release|Any CPU.ActiveCfg = Release|Any CPU
		{1FB7312D-4552-4BDE-93BA-D60E453B61AE}.Release|Any CPU.Build.0 = Release|Any CPU
	EndGlobalSection
	GlobalSection(SolutionProperties) = preSolution
		HideSolutionNode = FALSE
	EndGlobalSection
	GlobalSection(ExtensibilityGlobals) = postSolution
		SolutionGuid = {714BAB78-3CED-4EAF-B27E-A37019C379AE}
	EndGlobalSection
EndGlobal
